// !$*UTF8*$!
{
	archiveVersion = 1;
	classes = {
	};
	objectVersion = 46;
	objects = {

/* Begin PBXBuildFile section */
		4625F05719442E5100800C96 /* Foundation.framework in Frameworks */ = {isa = PBXBuildFile; fileRef = 4625F05619442E5100800C96 /* Foundation.framework */; };
		4625F05919442E5100800C96 /* CoreGraphics.framework in Frameworks */ = {isa = PBXBuildFile; fileRef = 4625F05819442E5100800C96 /* CoreGraphics.framework */; };
		4625F05B19442E5100800C96 /* UIKit.framework in Frameworks */ = {isa = PBXBuildFile; fileRef = 4625F05A19442E5100800C96 /* UIKit.framework */; };
		4625F06119442E5100800C96 /* InfoPlist.strings in Resources */ = {isa = PBXBuildFile; fileRef = 4625F05F19442E5100800C96 /* InfoPlist.strings */; };
		4625F06319442E5100800C96 /* main.m in Sources */ = {isa = PBXBuildFile; fileRef = 4625F06219442E5100800C96 /* main.m */; };
		4625F06719442E5100800C96 /* AppDelegate.m in Sources */ = {isa = PBXBuildFile; fileRef = 4625F06619442E5100800C96 /* AppDelegate.m */; };
		4625F06A19442E5100800C96 /* Main.storyboard in Resources */ = {isa = PBXBuildFile; fileRef = 4625F06819442E5100800C96 /* Main.storyboard */; };
		4625F06D19442E5100800C96 /* MasterViewController.m in Sources */ = {isa = PBXBuildFile; fileRef = 4625F06C19442E5100800C96 /* MasterViewController.m */; };
		4625F07019442E5100800C96 /* DetailViewController.m in Sources */ = {isa = PBXBuildFile; fileRef = 4625F06F19442E5100800C96 /* DetailViewController.m */; };
		4625F07219442E5100800C96 /* Images.xcassets in Resources */ = {isa = PBXBuildFile; fileRef = 4625F07119442E5100800C96 /* Images.xcassets */; };
		4625F07919442E5200800C96 /* XCTest.framework in Frameworks */ = {isa = PBXBuildFile; fileRef = 4625F07819442E5200800C96 /* XCTest.framework */; };
		4625F07A19442E5200800C96 /* Foundation.framework in Frameworks */ = {isa = PBXBuildFile; fileRef = 4625F05619442E5100800C96 /* Foundation.framework */; };
		4625F07B19442E5200800C96 /* UIKit.framework in Frameworks */ = {isa = PBXBuildFile; fileRef = 4625F05A19442E5100800C96 /* UIKit.framework */; };
		4625F08319442E5200800C96 /* InfoPlist.strings in Resources */ = {isa = PBXBuildFile; fileRef = 4625F08119442E5200800C96 /* InfoPlist.strings */; };
		4625F08519442E5200800C96 /* StarCatcherTests.m in Sources */ = {isa = PBXBuildFile; fileRef = 4625F08419442E5200800C96 /* StarCatcherTests.m */; };
/* End PBXBuildFile section */

/* Begin PBXContainerItemProxy section */
		4625F07C19442E5200800C96 /* PBXContainerItemProxy */ = {
			isa = PBXContainerItemProxy;
			containerPortal = 4625F04B19442E5100800C96 /* Project object */;
			proxyType = 1;
			remoteGlobalIDString = 4625F05219442E5100800C96;
			remoteInfo = StarCatcher;
		};
/* End PBXContainerItemProxy section */

/* Begin PBXFileReference section */
		4625F05319442E5100800C96 /* StarCatcher.app */ = {isa = PBXFileReference; explicitFileType = wrapper.application; includeInIndex = 0; path = StarCatcher.app; sourceTree = BUILT_PRODUCTS_DIR; };
		4625F05619442E5100800C96 /* Foundation.framework */ = {isa = PBXFileReference; lastKnownFileType = wrapper.framework; name = Foundation.framework; path = System/Library/Frameworks/Foundation.framework; sourceTree = SDKROOT; };
		4625F05819442E5100800C96 /* CoreGraphics.framework */ = {isa = PBXFileReference; lastKnownFileType = wrapper.framework; name = CoreGraphics.framework; path = System/Library/Frameworks/CoreGraphics.framework; sourceTree = SDKROOT; };
		4625F05A19442E5100800C96 /* UIKit.framework */ = {isa = PBXFileReference; lastKnownFileType = wrapper.framework; name = UIKit.framework; path = System/Library/Frameworks/UIKit.framework; sourceTree = SDKROOT; };
		4625F05E19442E5100800C96 /* StarCatcher-Info.plist */ = {isa = PBXFileReference; lastKnownFileType = text.plist.xml; path = "StarCatcher-Info.plist"; sourceTree = "<group>"; };
		4625F06019442E5100800C96 /* en */ = {isa = PBXFileReference; lastKnownFileType = text.plist.strings; name = en; path = en.lproj/InfoPlist.strings; sourceTree = "<group>"; };
		4625F06219442E5100800C96 /* main.m */ = {isa = PBXFileReference; lastKnownFileType = sourcecode.c.objc; path = main.m; sourceTree = "<group>"; };
		4625F06419442E5100800C96 /* StarCatcher-Prefix.pch */ = {isa = PBXFileReference; lastKnownFileType = sourcecode.c.h; path = "StarCatcher-Prefix.pch"; sourceTree = "<group>"; };
		4625F06519442E5100800C96 /* AppDelegate.h */ = {isa = PBXFileReference; lastKnownFileType = sourcecode.c.h; path = AppDelegate.h; sourceTree = "<group>"; };
		4625F06619442E5100800C96 /* AppDelegate.m */ = {isa = PBXFileReference; lastKnownFileType = sourcecode.c.objc; path = AppDelegate.m; sourceTree = "<group>"; };
		4625F06919442E5100800C96 /* Base */ = {isa = PBXFileReference; lastKnownFileType = file.storyboard; name = Base; path = Base.lproj/Main.storyboard; sourceTree = "<group>"; };
		4625F06B19442E5100800C96 /* MasterViewController.h */ = {isa = PBXFileReference; lastKnownFileType = sourcecode.c.h; path = MasterViewController.h; sourceTree = "<group>"; };
		4625F06C19442E5100800C96 /* MasterViewController.m */ = {isa = PBXFileReference; lastKnownFileType = sourcecode.c.objc; path = MasterViewController.m; sourceTree = "<group>"; };
		4625F06E19442E5100800C96 /* DetailViewController.h */ = {isa = PBXFileReference; lastKnownFileType = sourcecode.c.h; path = DetailViewController.h; sourceTree = "<group>"; };
		4625F06F19442E5100800C96 /* DetailViewController.m */ = {isa = PBXFileReference; lastKnownFileType = sourcecode.c.objc; path = DetailViewController.m; sourceTree = "<group>"; };
		4625F07119442E5100800C96 /* Images.xcassets */ = {isa = PBXFileReference; lastKnownFileType = folder.assetcatalog; path = Images.xcassets; sourceTree = "<group>"; };
		4625F07719442E5200800C96 /* StarCatcherTests.xctest */ = {isa = PBXFileReference; explicitFileType = wrapper.cfbundle; includeInIndex = 0; path = StarCatcherTests.xctest; sourceTree = BUILT_PRODUCTS_DIR; };
		4625F07819442E5200800C96 /* XCTest.framework */ = {isa = PBXFileReference; lastKnownFileType = wrapper.framework; name = XCTest.framework; path = Library/Frameworks/XCTest.framework; sourceTree = DEVELOPER_DIR; };
		4625F08019442E5200800C96 /* StarCatcherTests-Info.plist */ = {isa = PBXFileReference; lastKnownFileType = text.plist.xml; path = "StarCatcherTests-Info.plist"; sourceTree = "<group>"; };
		4625F08219442E5200800C96 /* en */ = {isa = PBXFileReference; lastKnownFileType = text.plist.strings; name = en; path = en.lproj/InfoPlist.strings; sourceTree = "<group>"; };
		4625F08419442E5200800C96 /* StarCatcherTests.m */ = {isa = PBXFileReference; lastKnownFileType = sourcecode.c.objc; path = StarCatcherTests.m; sourceTree = "<group>"; };
/* End PBXFileReference section */

/* Begin PBXFrameworksBuildPhase section */
		4625F05019442E5100800C96 /* Frameworks */ = {
			isa = PBXFrameworksBuildPhase;
			buildActionMask = 2147483647;
			files = (
				4625F05919442E5100800C96 /* CoreGraphics.framework in Frameworks */,
				4625F05B19442E5100800C96 /* UIKit.framework in Frameworks */,
				4625F05719442E5100800C96 /* Foundation.framework in Frameworks */,
			);
			runOnlyForDeploymentPostprocessing = 0;
		};
		4625F07419442E5200800C96 /* Frameworks */ = {
			isa = PBXFrameworksBuildPhase;
			buildActionMask = 2147483647;
			files = (
				4625F07919442E5200800C96 /* XCTest.framework in Frameworks */,
				4625F07B19442E5200800C96 /* UIKit.framework in Frameworks */,
				4625F07A19442E5200800C96 /* Foundation.framework in Frameworks */,
			);
			runOnlyForDeploymentPostprocessing = 0;
		};
/* End PBXFrameworksBuildPhase section */

/* Begin PBXGroup section */
		4625F04A19442E5100800C96 = {
			isa = PBXGroup;
			children = (
				4625F05C19442E5100800C96 /* StarCatcher */,
				4625F07E19442E5200800C96 /* StarCatcherTests */,
				4625F05519442E5100800C96 /* Frameworks */,
				4625F05419442E5100800C96 /* Products */,
			);
			sourceTree = "<group>";
		};
		4625F05419442E5100800C96 /* Products */ = {
			isa = PBXGroup;
			children = (
				4625F05319442E5100800C96 /* StarCatcher.app */,
				4625F07719442E5200800C96 /* StarCatcherTests.xctest */,
			);
			name = Products;
			sourceTree = "<group>";
		};
		4625F05519442E5100800C96 /* Frameworks */ = {
			isa = PBXGroup;
			children = (
				4625F05619442E5100800C96 /* Foundation.framework */,
				4625F05819442E5100800C96 /* CoreGraphics.framework */,
				4625F05A19442E5100800C96 /* UIKit.framework */,
				4625F07819442E5200800C96 /* XCTest.framework */,
			);
			name = Frameworks;
			sourceTree = "<group>";
		};
		4625F05C19442E5100800C96 /* StarCatcher */ = {
			isa = PBXGroup;
			children = (
				4625F06519442E5100800C96 /* AppDelegate.h */,
				4625F06619442E5100800C96 /* AppDelegate.m */,
				4625F06819442E5100800C96 /* Main.storyboard */,
				4625F06B19442E5100800C96 /* MasterViewController.h */,
				4625F06C19442E5100800C96 /* MasterViewController.m */,
				4625F06E19442E5100800C96 /* DetailViewController.h */,
				4625F06F19442E5100800C96 /* DetailViewController.m */,
				4625F07119442E5100800C96 /* Images.xcassets */,
				4625F05D19442E5100800C96 /* Supporting Files */,
			);
			path = StarCatcher;
			sourceTree = "<group>";
		};
		4625F05D19442E5100800C96 /* Supporting Files */ = {
			isa = PBXGroup;
			children = (
				4625F05E19442E5100800C96 /* StarCatcher-Info.plist */,
				4625F05F19442E5100800C96 /* InfoPlist.strings */,
				4625F06219442E5100800C96 /* main.m */,
				4625F06419442E5100800C96 /* StarCatcher-Prefix.pch */,
			);
			name = "Supporting Files";
			sourceTree = "<group>";
		};
		4625F07E19442E5200800C96 /* StarCatcherTests */ = {
			isa = PBXGroup;
			children = (
				4625F08419442E5200800C96 /* StarCatcherTests.m */,
				4625F07F19442E5200800C96 /* Supporting Files */,
			);
			path = StarCatcherTests;
			sourceTree = "<group>";
		};
		4625F07F19442E5200800C96 /* Supporting Files */ = {
			isa = PBXGroup;
			children = (
				4625F08019442E5200800C96 /* StarCatcherTests-Info.plist */,
				4625F08119442E5200800C96 /* InfoPlist.strings */,
			);
			name = "Supporting Files";
			sourceTree = "<group>";
		};
/* End PBXGroup section */

/* Begin PBXNativeTarget section */
		4625F05219442E5100800C96 /* StarCatcher */ = {
			isa = PBXNativeTarget;
			buildConfigurationList = 4625F08819442E5200800C96 /* Build configuration list for PBXNativeTarget "StarCatcher" */;
			buildPhases = (
				4625F04F19442E5100800C96 /* Sources */,
				4625F05019442E5100800C96 /* Frameworks */,
				4625F05119442E5100800C96 /* Resources */,
			);
			buildRules = (
			);
			dependencies = (
			);
			name = StarCatcher;
			productName = StarCatcher;
			productReference = 4625F05319442E5100800C96 /* StarCatcher.app */;
			productType = "com.apple.product-type.application";
		};
		4625F07619442E5200800C96 /* StarCatcherTests */ = {
			isa = PBXNativeTarget;
			buildConfigurationList = 4625F08B19442E5200800C96 /* Build configuration list for PBXNativeTarget "StarCatcherTests" */;
			buildPhases = (
				4625F07319442E5200800C96 /* Sources */,
				4625F07419442E5200800C96 /* Frameworks */,
				4625F07519442E5200800C96 /* Resources */,
			);
			buildRules = (
			);
			dependencies = (
				4625F07D19442E5200800C96 /* PBXTargetDependency */,
			);
			name = StarCatcherTests;
			productName = StarCatcherTests;
			productReference = 4625F07719442E5200800C96 /* StarCatcherTests.xctest */;
			productType = "com.apple.product-type.bundle.unit-test";
		};
/* End PBXNativeTarget section */

/* Begin PBXProject section */
		4625F04B19442E5100800C96 /* Project object */ = {
			isa = PBXProject;
			attributes = {
				LastUpgradeCheck = 0510;
				ORGANIZATIONNAME = Gracenote;
				TargetAttributes = {
					4625F07619442E5200800C96 = {
						TestTargetID = 4625F05219442E5100800C96;
					};
				};
			};
			buildConfigurationList = 4625F04E19442E5100800C96 /* Build configuration list for PBXProject "StarCatcher" */;
			compatibilityVersion = "Xcode 3.2";
			developmentRegion = English;
			hasScannedForEncodings = 0;
			knownRegions = (
				en,
				Base,
			);
			mainGroup = 4625F04A19442E5100800C96;
			productRefGroup = 4625F05419442E5100800C96 /* Products */;
			projectDirPath = "";
			projectRoot = "";
			targets = (
				4625F05219442E5100800C96 /* StarCatcher */,
				4625F07619442E5200800C96 /* StarCatcherTests */,
			);
		};
/* End PBXProject section */

/* Begin PBXResourcesBuildPhase section */
		4625F05119442E5100800C96 /* Resources */ = {
			isa = PBXResourcesBuildPhase;
			buildActionMask = 2147483647;
			files = (
				4625F07219442E5100800C96 /* Images.xcassets in Resources */,
				4625F06119442E5100800C96 /* InfoPlist.strings in Resources */,
				4625F06A19442E5100800C96 /* Main.storyboard in Resources */,
			);
			runOnlyForDeploymentPostprocessing = 0;
		};
		4625F07519442E5200800C96 /* Resources */ = {
			isa = PBXResourcesBuildPhase;
			buildActionMask = 2147483647;
			files = (
				4625F08319442E5200800C96 /* InfoPlist.strings in Resources */,
			);
			runOnlyForDeploymentPostprocessing = 0;
		};
/* End PBXResourcesBuildPhase section */

/* Begin PBXSourcesBuildPhase section */
		4625F04F19442E5100800C96 /* Sources */ = {
			isa = PBXSourcesBuildPhase;
			buildActionMask = 2147483647;
			files = (
				4625F06719442E5100800C96 /* AppDelegate.m in Sources */,
				4625F06D19442E5100800C96 /* MasterViewController.m in Sources */,
				4625F06319442E5100800C96 /* main.m in Sources */,
				4625F07019442E5100800C96 /* DetailViewController.m in Sources */,
			);
			runOnlyForDeploymentPostprocessing = 0;
		};
		4625F07319442E5200800C96 /* Sources */ = {
			isa = PBXSourcesBuildPhase;
			buildActionMask = 2147483647;
			files = (
				4625F08519442E5200800C96 /* StarCatcherTests.m in Sources */,
			);
			runOnlyForDeploymentPostprocessing = 0;
		};
/* End PBXSourcesBuildPhase section */

/* Begin PBXTargetDependency section */
		4625F07D19442E5200800C96 /* PBXTargetDependency */ = {
			isa = PBXTargetDependency;
			target = 4625F05219442E5100800C96 /* StarCatcher */;
			targetProxy = 4625F07C19442E5200800C96 /* PBXContainerItemProxy */;
		};
/* End PBXTargetDependency section */

/* Begin PBXVariantGroup section */
		4625F05F19442E5100800C96 /* InfoPlist.strings */ = {
			isa = PBXVariantGroup;
			children = (
				4625F06019442E5100800C96 /* en */,
			);
			name = InfoPlist.strings;
			sourceTree = "<group>";
		};
		4625F06819442E5100800C96 /* Main.storyboard */ = {
			isa = PBXVariantGroup;
			children = (
				4625F06919442E5100800C96 /* Base */,
			);
			name = Main.storyboard;
			sourceTree = "<group>";
		};
		4625F08119442E5200800C96 /* InfoPlist.strings */ = {
			isa = PBXVariantGroup;
			children = (
				4625F08219442E5200800C96 /* en */,
			);
			name = InfoPlist.strings;
			sourceTree = "<group>";
		};
/* End PBXVariantGroup section */

/* Begin XCBuildConfiguration section */
		4625F08619442E5200800C96 /* Debug */ = {
			isa = XCBuildConfiguration;
			buildSettings = {
				ALWAYS_SEARCH_USER_PATHS = NO;
				CLANG_CXX_LANGUAGE_STANDARD = "gnu++0x";
				CLANG_CXX_LIBRARY = "libc++";
				CLANG_ENABLE_MODULES = YES;
				CLANG_ENABLE_OBJC_ARC = YES;
				CLANG_WARN_BOOL_CONVERSION = YES;
				CLANG_WARN_CONSTANT_CONVERSION = YES;
				CLANG_WARN_DIRECT_OBJC_ISA_USAGE = YES_ERROR;
				CLANG_WARN_EMPTY_BODY = YES;
				CLANG_WARN_ENUM_CONVERSION = YES;
				CLANG_WARN_INT_CONVERSION = YES;
				CLANG_WARN_OBJC_ROOT_CLASS = YES_ERROR;
				CLANG_WARN__DUPLICATE_METHOD_MATCH = YES;
				"CODE_SIGN_IDENTITY[sdk=iphoneos*]" = "iPhone Developer";
				COPY_PHASE_STRIP = NO;
				GCC_C_LANGUAGE_STANDARD = gnu99;
				GCC_DYNAMIC_NO_PIC = NO;
				GCC_OPTIMIZATION_LEVEL = 0;
				GCC_PREPROCESSOR_DEFINITIONS = (
					"DEBUG=1",
					"$(inherited)",
				);
				GCC_SYMBOLS_PRIVATE_EXTERN = NO;
				GCC_WARN_64_TO_32_BIT_CONVERSION = YES;
				GCC_WARN_ABOUT_RETURN_TYPE = YES_ERROR;
				GCC_WARN_UNDECLARED_SELECTOR = YES;
				GCC_WARN_UNINITIALIZED_AUTOS = YES_AGGRESSIVE;
				GCC_WARN_UNUSED_FUNCTION = YES;
				GCC_WARN_UNUSED_VARIABLE = YES;
				IPHONEOS_DEPLOYMENT_TARGET = 7.1;
				ONLY_ACTIVE_ARCH = YES;
				SDKROOT = iphoneos;
			};
			name = Debug;
		};
		4625F08719442E5200800C96 /* Release */ = {
			isa = XCBuildConfiguration;
			buildSettings = {
				ALWAYS_SEARCH_USER_PATHS = NO;
				CLANG_CXX_LANGUAGE_STANDARD = "gnu++0x";
				CLANG_CXX_LIBRARY = "libc++";
				CLANG_ENABLE_MODULES = YES;
				CLANG_ENABLE_OBJC_ARC = YES;
				CLANG_WARN_BOOL_CONVERSION = YES;
				CLANG_WARN_CONSTANT_CONVERSION = YES;
				CLANG_WARN_DIRECT_OBJC_ISA_USAGE = YES_ERROR;
				CLANG_WARN_EMPTY_BODY = YES;
				CLANG_WARN_ENUM_CONVERSION = YES;
				CLANG_WARN_INT_CONVERSION = YES;
				CLANG_WARN_OBJC_ROOT_CLASS = YES_ERROR;
				CLANG_WARN__DUPLICATE_METHOD_MATCH = YES;
				"CODE_SIGN_IDENTITY[sdk=iphoneos*]" = "iPhone Developer";
				COPY_PHASE_STRIP = YES;
				ENABLE_NS_ASSERTIONS = NO;
				GCC_C_LANGUAGE_STANDARD = gnu99;
				GCC_WARN_64_TO_32_BIT_CONVERSION = YES;
				GCC_WARN_ABOUT_RETURN_TYPE = YES_ERROR;
				GCC_WARN_UNDECLARED_SELECTOR = YES;
				GCC_WARN_UNINITIALIZED_AUTOS = YES_AGGRESSIVE;
				GCC_WARN_UNUSED_FUNCTION = YES;
				GCC_WARN_UNUSED_VARIABLE = YES;
				IPHONEOS_DEPLOYMENT_TARGET = 7.1;
				SDKROOT = iphoneos;
				VALIDATE_PRODUCT = YES;
			};
			name = Release;
		};
		4625F08919442E5200800C96 /* Debug */ = {
			isa = XCBuildConfiguration;
			buildSettings = {
				ASSETCATALOG_COMPILER_APPICON_NAME = AppIcon;
				ASSETCATALOG_COMPILER_LAUNCHIMAGE_NAME = LaunchImage;
				GCC_PRECOMPILE_PREFIX_HEADER = YES;
				GCC_PREFIX_HEADER = "StarCatcher/StarCatcher-Prefix.pch";
				INFOPLIST_FILE = "StarCatcher/StarCatcher-Info.plist";
				PRODUCT_NAME = "$(TARGET_NAME)";
				WRAPPER_EXTENSION = app;
			};
			name = Debug;
		};
		4625F08A19442E5200800C96 /* Release */ = {
			isa = XCBuildConfiguration;
			buildSettings = {
				ASSETCATALOG_COMPILER_APPICON_NAME = AppIcon;
				ASSETCATALOG_COMPILER_LAUNCHIMAGE_NAME = LaunchImage;
				GCC_PRECOMPILE_PREFIX_HEADER = YES;
				GCC_PREFIX_HEADER = "StarCatcher/StarCatcher-Prefix.pch";
				INFOPLIST_FILE = "StarCatcher/StarCatcher-Info.plist";
				PRODUCT_NAME = "$(TARGET_NAME)";
				WRAPPER_EXTENSION = app;
			};
			name = Release;
		};
		4625F08C19442E5200800C96 /* Debug */ = {
			isa = XCBuildConfiguration;
			buildSettings = {
				BUNDLE_LOADER = "$(BUILT_PRODUCTS_DIR)/StarCatcher.app/StarCatcher";
				FRAMEWORK_SEARCH_PATHS = (
					"$(SDKROOT)/Developer/Library/Frameworks",
					"$(inherited)",
					"$(DEVELOPER_FRAMEWORKS_DIR)",
				);
				GCC_PRECOMPILE_PREFIX_HEADER = YES;
				GCC_PREFIX_HEADER = "StarCatcher/StarCatcher-Prefix.pch";
				GCC_PREPROCESSOR_DEFINITIONS = (
					"DEBUG=1",
					"$(inherited)",
				);
				INFOPLIST_FILE = "StarCatcherTests/StarCatcherTests-Info.plist";
				PRODUCT_NAME = "$(TARGET_NAME)";
				TEST_HOST = "$(BUNDLE_LOADER)";
				WRAPPER_EXTENSION = xctest;
			};
			name = Debug;
		};
		4625F08D19442E5200800C96 /* Release */ = {
			isa = XCBuildConfiguration;
			buildSettings = {
				BUNDLE_LOADER = "$(BUILT_PRODUCTS_DIR)/StarCatcher.app/StarCatcher";
				FRAMEWORK_SEARCH_PATHS = (
					"$(SDKROOT)/Developer/Library/Frameworks",
					"$(inherited)",
					"$(DEVELOPER_FRAMEWORKS_DIR)",
				);
				GCC_PRECOMPILE_PREFIX_HEADER = YES;
				GCC_PREFIX_HEADER = "StarCatcher/StarCatcher-Prefix.pch";
				INFOPLIST_FILE = "StarCatcherTests/StarCatcherTests-Info.plist";
				PRODUCT_NAME = "$(TARGET_NAME)";
				TEST_HOST = "$(BUNDLE_LOADER)";
				WRAPPER_EXTENSION = xctest;
			};
			name = Release;
		};
/* End XCBuildConfiguration section */

/* Begin XCConfigurationList section */
		4625F04E19442E5100800C96 /* Build configuration list for PBXProject "StarCatcher" */ = {
			isa = XCConfigurationList;
			buildConfigurations = (
				4625F08619442E5200800C96 /* Debug */,
				4625F08719442E5200800C96 /* Release */,
			);
			defaultConfigurationIsVisible = 0;
			defaultConfigurationName = Release;
		};
		4625F08819442E5200800C96 /* Build configuration list for PBXNativeTarget "StarCatcher" */ = {
			isa = XCConfigurationList;
			buildConfigurations = (
				4625F08919442E5200800C96 /* Debug */,
				4625F08A19442E5200800C96 /* Release */,
			);
			defaultConfigurationIsVisible = 0;
		};
		4625F08B19442E5200800C96 /* Build configuration list for PBXNativeTarget "StarCatcherTests" */ = {
			isa = XCConfigurationList;
			buildConfigurations = (
				4625F08C19442E5200800C96 /* Debug */,
				4625F08D19442E5200800C96 /* Release */,
			);
			defaultConfigurationIsVisible = 0;
		};
/* End XCConfigurationList section */
	};
	rootObject = 4625F04B19442E5100800C96 /* Project object */;
}
